
Microsoft Visual Studio Solution File, Format Version 10.00
# Visual Studio 2008
Project("{FAE04EC0-301F-11D3-BF4B-00C04F79EFBC}") = "Niecza", "Niecza\Niecza.csproj", "{07760CA6-1010-43E9-A46E-8E9712218E8E}"
EndProject
Global
	GlobalSection(SolutionConfigurationPlatforms) = preSolution
		Debug|Any CPU = Debug|Any CPU
		Release|Any CPU = Release|Any CPU
	EndGlobalSection
	GlobalSection(ProjectConfigurationPlatforms) = postSolution
		{07760CA6-1010-43E9-A46E-8E9712218E8E}.Debug|Any CPU.ActiveCfg = Debug|Any CPU
		{07760CA6-1010-43E9-A46E-8E9712218E8E}.Debug|Any CPU.Build.0 = Debug|Any CPU
		{07760CA6-1010-43E9-A46E-8E9712218E8E}.Release|Any CPU.ActiveCfg = Release|Any CPU
		{07760CA6-1010-43E9-A46E-8E9712218E8E}.Release|Any CPU.Build.0 = Release|Any CPU
	EndGlobalSection
	GlobalSection(MonoDevelopProperties) = preSolution
		StartupItem = Niecza\Niecza.csproj
		Policies = $0
		$0.TextStylePolicy = $1
		$1.FileWidth = 120
		$1.EolMarker = Unix
		$1.inheritsSet = VisualStudio
		$1.inheritsScope = text/plain
		$1.scope = text/x-csharp
		$0.CSharpFormattingPolicy = $2
		$2.inheritsSet = Mono
		$2.inheritsScope = text/x-csharp
		$2.scope = text/x-csharp
		$0.TextStylePolicy = $3
		$3.FileWidth = 120
		$3.EolMarker = Unix
		$3.inheritsSet = VisualStudio
		$3.inheritsScope = text/plain
		$3.scope = text/plain
	EndGlobalSection
EndGlobal
